
Microsoft Visual Studio Solution File, Format Version 12.00
# Visual Studio 15
VisualStudioVersion = 15.0.26730.12
MinimumVisualStudioVersion = 10.0.40219.1
Project("{FAE04EC0-301F-11D3-BF4B-00C04F79EFBC}") = "WpfApp1.View", "WpfApp1\WpfApp1.View.csproj", "{9293F5A4-E36D-4479-B023-43508CB867B7}"
EndProject
Project("{FAE04EC0-301F-11D3-BF4B-00C04F79EFBC}") = "WpfApp1.ViewModel", "WpfApp1.ViewModel\WpfApp1.ViewModel.csproj", "{00EEFF33-BE33-4D45-B7BC-AA87735134D7}"
EndProject
Project("{FAE04EC0-301F-11D3-BF4B-00C04F79EFBC}") = "WpfApp1.Model", "WpfApp1.Model\WpfApp1.Model.csproj", "{F9277280-B5F7-48AC-B2CA-BCF142B207F6}"
EndProject
Project("{FAE04EC0-301F-11D3-BF4B-00C04F79EFBC}") = "WpfApp1.Enums", "Enums\WpfApp1.Enums.csproj", "{7311238B-CE95-4C25-956D-DC0A91DF6039}"
EndProject
Project("{FAE04EC0-301F-11D3-BF4B-00C04F79EFBC}") = "WpfApp1.Helpers", "WpfApp1.Helpers\WpfApp1.Helpers.csproj", "{94ECDE7C-6542-4FBB-8C84-656E679C9EB5}"
EndProject
Global
	GlobalSection(SolutionConfigurationPlatforms) = preSolution
		Debug|Any CPU = Debug|Any CPU
		Release|Any CPU = Release|Any CPU
	EndGlobalSection
	GlobalSection(ProjectConfigurationPlatforms) = postSolution
		{9293F5A4-E36D-4479-B023-43508CB867B7}.Debug|Any CPU.ActiveCfg = Debug|Any CPU
		{9293F5A4-E36D-4479-B023-43508CB867B7}.Debug|Any CPU.Build.0 = Debug|Any CPU
		{9293F5A4-E36D-4479-B023-43508CB867B7}.Release|Any CPU.ActiveCfg = Release|Any CPU
		{9293F5A4-E36D-4479-B023-43508CB867B7}.Release|Any CPU.Build.0 = Release|Any CPU
		{00EEFF33-BE33-4D45-B7BC-AA87735134D7}.Debug|Any CPU.ActiveCfg = Debug|Any CPU
		{00EEFF33-BE33-4D45-B7BC-AA87735134D7}.Debug|Any CPU.Build.0 = Debug|Any CPU
		{00EEFF33-BE33-4D45-B7BC-AA87735134D7}.Release|Any CPU.ActiveCfg = Release|Any CPU
		{00EEFF33-BE33-4D45-B7BC-AA87735134D7}.Release|Any CPU.Build.0 = Release|Any CPU
		{F9277280-B5F7-48AC-B2CA-BCF142B207F6}.Debug|Any CPU.ActiveCfg = Debug|Any CPU
		{F9277280-B5F7-48AC-B2CA-BCF142B207F6}.Debug|Any CPU.Build.0 = Debug|Any CPU
		{F9277280-B5F7-48AC-B2CA-BCF142B207F6}.Release|Any CPU.ActiveCfg = Release|Any CPU
		{F9277280-B5F7-48AC-B2CA-BCF142B207F6}.Release|Any CPU.Build.0 = Release|Any CPU
		{7311238B-CE95-4C25-956D-DC0A91DF6039}.Debug|Any CPU.ActiveCfg = Debug|Any CPU
		{7311238B-CE95-4C25-956D-DC0A91DF6039}.Debug|Any CPU.Build.0 = Debug|Any CPU
		{7311238B-CE95-4C25-956D-DC0A91DF6039}.Release|Any CPU.ActiveCfg = Release|Any CPU
		{7311238B-CE95-4C25-956D-DC0A91DF6039}.Release|Any CPU.Build.0 = Release|Any CPU
		{94ECDE7C-6542-4FBB-8C84-656E679C9EB5}.Debug|Any CPU.ActiveCfg = Debug|Any CPU
		{94ECDE7C-6542-4FBB-8C84-656E679C9EB5}.Debug|Any CPU.Build.0 = Debug|Any CPU
		{94ECDE7C-6542-4FBB-8C84-656E679C9EB5}.Release|Any CPU.ActiveCfg = Release|Any CPU
		{94ECDE7C-6542-4FBB-8C84-656E679C9EB5}.Release|Any CPU.Build.0 = Release|Any CPU
	EndGlobalSection
	GlobalSection(SolutionProperties) = preSolution
		HideSolutionNode = FALSE
	EndGlobalSection
	GlobalSection(ExtensibilityGlobals) = postSolution
		SolutionGuid = {7283C8C3-E6C5-4879-B846-6B86B95FF22B}
	EndGlobalSection
EndGlobal
